
Microsoft Visual Studio Solution File, Format Version 12.00
Project("{FAE04EC0-301F-11D3-BF4B-00C04F79EFBC}") = "osu.Game.Native.Desktop", "osu.Game.Native.Desktop\osu.Game.Native.Desktop.csproj", "{6467E7A9-DE2C-4960-873E-AB058262FDAE}"
EndProject
Project("{FAE04EC0-301F-11D3-BF4B-00C04F79EFBC}") = "osu.Game.Native.WebAssembly", "osu.Game.Native.WebAssembly\osu.Game.Native.WebAssembly.csproj", "{0D538C83-4744-4018-9D34-51F4C9E481C5}"
EndProject
Project("{FAE04EC0-301F-11D3-BF4B-00C04F79EFBC}") = "osu.Game.Native.Desktop.Bindings", "..\Bindings\CSharp\osu.Game.Native.Desktop.Bindings\osu.Game.Native.Desktop.Bindings.csproj", "{8164F8FF-2F8D-40BC-8B2B-96F9E43DA4BB}"
EndProject
Global
	GlobalSection(SolutionConfigurationPlatforms) = preSolution
		Debug|Any CPU = Debug|Any CPU
		Release|Any CPU = Release|Any CPU
	EndGlobalSection
	GlobalSection(ProjectConfigurationPlatforms) = postSolution
		{6467E7A9-DE2C-4960-873E-AB058262FDAE}.Debug|Any CPU.ActiveCfg = Debug|Any CPU
		{6467E7A9-DE2C-4960-873E-AB058262FDAE}.Debug|Any CPU.Build.0 = Debug|Any CPU
		{6467E7A9-DE2C-4960-873E-AB058262FDAE}.Release|Any CPU.ActiveCfg = Release|Any CPU
		{6467E7A9-DE2C-4960-873E-AB058262FDAE}.Release|Any CPU.Build.0 = Release|Any CPU
		{ECE2B24D-D95B-428D-B995-E40D5E14ADF5}.Debug|Any CPU.ActiveCfg = Debug|Any CPU
		{ECE2B24D-D95B-428D-B995-E40D5E14ADF5}.Debug|Any CPU.Build.0 = Debug|Any CPU
		{ECE2B24D-D95B-428D-B995-E40D5E14ADF5}.Release|Any CPU.ActiveCfg = Release|Any CPU
		{ECE2B24D-D95B-428D-B995-E40D5E14ADF5}.Release|Any CPU.Build.0 = Release|Any CPU
		{0D538C83-4744-4018-9D34-51F4C9E481C5}.Debug|Any CPU.ActiveCfg = Debug|Any CPU
		{0D538C83-4744-4018-9D34-51F4C9E481C5}.Debug|Any CPU.Build.0 = Debug|Any CPU
		{0D538C83-4744-4018-9D34-51F4C9E481C5}.Release|Any CPU.ActiveCfg = Release|Any CPU
		{0D538C83-4744-4018-9D34-51F4C9E481C5}.Release|Any CPU.Build.0 = Release|Any CPU
		{8164F8FF-2F8D-40BC-8B2B-96F9E43DA4BB}.Debug|Any CPU.ActiveCfg = Debug|Any CPU
		{8164F8FF-2F8D-40BC-8B2B-96F9E43DA4BB}.Debug|Any CPU.Build.0 = Debug|Any CPU
		{8164F8FF-2F8D-40BC-8B2B-96F9E43DA4BB}.Release|Any CPU.ActiveCfg = Release|Any CPU
		{8164F8FF-2F8D-40BC-8B2B-96F9E43DA4BB}.Release|Any CPU.Build.0 = Release|Any CPU
	EndGlobalSection
EndGlobal
