{
  "name": "NodeJS",
  "lockfileVersion": 3,
  "requires": true,
  "packages": {
    "": {
      "dependencies": {
        "smoogipoo.osu-native": "^2024.702.1"
      }
    },
    "node_modules/smoogipoo.osu-native": {
      "version": "2024.702.1",
      "resolved": "https://registry.npmjs.org/smoogipoo.osu-native/-/smoogipoo.osu-native-2024.702.1.tgz",
      "integrity": "sha512-kdzd7T8h+0w9SgcHzjRgmAak8tWSmjZ1cC0JbW7OZiM4oaFgvqHhN+4/Dt4DRQBazWOXNhr7fJSQTckSQ0eqPw==",
      "license": "MIT"
    }
  }
}
